
Microsoft Visual Studio Solution File, Format Version 12.00
Project("{FAE04EC0-301F-11D3-BF4B-00C04F79EFBC}") = "NetworkSignalCore", "NetworkSignalCore\NetworkSignalCore.csproj", "{16D23880-577D-4132-8E9A-558721DA2ADA}"
EndProject
Project("{2150E333-8FDC-42A3-9474-1A3956D46DE8}") = "src", "src", "{827E0CD3-B72D-47B6-A68D-7590B98EB39B}"
EndProject
Project("{FAE04EC0-301F-11D3-BF4B-00C04F79EFBC}") = "NetworkSignalCore.Core", "src\NetworkSignalCore.Core\NetworkSignalCore.Core.csproj", "{B4045ADD-9E89-489E-94F5-127B443AF441}"
EndProject
Project("{FAE04EC0-301F-11D3-BF4B-00C04F79EFBC}") = "NetworkSignalCore.Server", "src\NetworkSignalCore.Server\NetworkSignalCore.Server.csproj", "{95B42657-A74E-4C5F-A79B-4424F41755EA}"
EndProject
Project("{FAE04EC0-301F-11D3-BF4B-00C04F79EFBC}") = "NetworkSignalCore.Client", "src\NetworkSignalCore.Client\NetworkSignalCore.Client.csproj", "{CE2DBD4E-AD96-4E5B-8723-4B244CC42752}"
EndProject
Project("{2150E333-8FDC-42A3-9474-1A3956D46DE8}") = "samples", "samples", "{5D20AA90-6969-D8BD-9DCD-8634F4692FDA}"
EndProject
Project("{FAE04EC0-301F-11D3-BF4B-00C04F79EFBC}") = "SampleServer", "samples\SampleServer\SampleServer.csproj", "{E3DC5591-5C04-45C0-B32F-0F258599F0A3}"
EndProject
Project("{FAE04EC0-301F-11D3-BF4B-00C04F79EFBC}") = "SampleClient.Console", "samples\SampleClient.Console\SampleClient.Console.csproj", "{721B4039-D38B-46F6-BEF7-4525A68D72E9}"
EndProject
Global
	GlobalSection(SolutionConfigurationPlatforms) = preSolution
		Debug|Any CPU = Debug|Any CPU
		Debug|x64 = Debug|x64
		Debug|x86 = Debug|x86
		Release|Any CPU = Release|Any CPU
		Release|x64 = Release|x64
		Release|x86 = Release|x86
	EndGlobalSection
	GlobalSection(ProjectConfigurationPlatforms) = postSolution
		{16D23880-577D-4132-8E9A-558721DA2ADA}.Debug|Any CPU.ActiveCfg = Debug|Any CPU
		{16D23880-577D-4132-8E9A-558721DA2ADA}.Debug|Any CPU.Build.0 = Debug|Any CPU
		{16D23880-577D-4132-8E9A-558721DA2ADA}.Debug|x64.ActiveCfg = Debug|Any CPU
		{16D23880-577D-4132-8E9A-558721DA2ADA}.Debug|x64.Build.0 = Debug|Any CPU
		{16D23880-577D-4132-8E9A-558721DA2ADA}.Debug|x86.ActiveCfg = Debug|Any CPU
		{16D23880-577D-4132-8E9A-558721DA2ADA}.Debug|x86.Build.0 = Debug|Any CPU
		{16D23880-577D-4132-8E9A-558721DA2ADA}.Release|Any CPU.ActiveCfg = Release|Any CPU
		{16D23880-577D-4132-8E9A-558721DA2ADA}.Release|Any CPU.Build.0 = Release|Any CPU
		{16D23880-577D-4132-8E9A-558721DA2ADA}.Release|x64.ActiveCfg = Release|Any CPU
		{16D23880-577D-4132-8E9A-558721DA2ADA}.Release|x64.Build.0 = Release|Any CPU
		{16D23880-577D-4132-8E9A-558721DA2ADA}.Release|x86.ActiveCfg = Release|Any CPU
		{16D23880-577D-4132-8E9A-558721DA2ADA}.Release|x86.Build.0 = Release|Any CPU
		{B4045ADD-9E89-489E-94F5-127B443AF441}.Debug|Any CPU.ActiveCfg = Debug|Any CPU
		{B4045ADD-9E89-489E-94F5-127B443AF441}.Debug|Any CPU.Build.0 = Debug|Any CPU
		{B4045ADD-9E89-489E-94F5-127B443AF441}.Debug|x64.ActiveCfg = Debug|Any CPU
		{B4045ADD-9E89-489E-94F5-127B443AF441}.Debug|x64.Build.0 = Debug|Any CPU
		{B4045ADD-9E89-489E-94F5-127B443AF441}.Debug|x86.ActiveCfg = Debug|Any CPU
		{B4045ADD-9E89-489E-94F5-127B443AF441}.Debug|x86.Build.0 = Debug|Any CPU
		{B4045ADD-9E89-489E-94F5-127B443AF441}.Release|Any CPU.ActiveCfg = Release|Any CPU
		{B4045ADD-9E89-489E-94F5-127B443AF441}.Release|Any CPU.Build.0 = Release|Any CPU
		{B4045ADD-9E89-489E-94F5-127B443AF441}.Release|x64.ActiveCfg = Release|Any CPU
		{B4045ADD-9E89-489E-94F5-127B443AF441}.Release|x64.Build.0 = Release|Any CPU
		{B4045ADD-9E89-489E-94F5-127B443AF441}.Release|x86.ActiveCfg = Release|Any CPU
		{B4045ADD-9E89-489E-94F5-127B443AF441}.Release|x86.Build.0 = Release|Any CPU
		{95B42657-A74E-4C5F-A79B-4424F41755EA}.Debug|Any CPU.ActiveCfg = Debug|Any CPU
		{95B42657-A74E-4C5F-A79B-4424F41755EA}.Debug|Any CPU.Build.0 = Debug|Any CPU
		{95B42657-A74E-4C5F-A79B-4424F41755EA}.Debug|x64.ActiveCfg = Debug|Any CPU
		{95B42657-A74E-4C5F-A79B-4424F41755EA}.Debug|x64.Build.0 = Debug|Any CPU
		{95B42657-A74E-4C5F-A79B-4424F41755EA}.Debug|x86.ActiveCfg = Debug|Any CPU
		{95B42657-A74E-4C5F-A79B-4424F41755EA}.Debug|x86.Build.0 = Debug|Any CPU
		{95B42657-A74E-4C5F-A79B-4424F41755EA}.Release|Any CPU.ActiveCfg = Release|Any CPU
		{95B42657-A74E-4C5F-A79B-4424F41755EA}.Release|Any CPU.Build.0 = Release|Any CPU
		{95B42657-A74E-4C5F-A79B-4424F41755EA}.Release|x64.ActiveCfg = Release|Any CPU
		{95B42657-A74E-4C5F-A79B-4424F41755EA}.Release|x64.Build.0 = Release|Any CPU
		{95B42657-A74E-4C5F-A79B-4424F41755EA}.Release|x86.ActiveCfg = Release|Any CPU
		{95B42657-A74E-4C5F-A79B-4424F41755EA}.Release|x86.Build.0 = Release|Any CPU
		{CE2DBD4E-AD96-4E5B-8723-4B244CC42752}.Debug|Any CPU.ActiveCfg = Debug|Any CPU
		{CE2DBD4E-AD96-4E5B-8723-4B244CC42752}.Debug|Any CPU.Build.0 = Debug|Any CPU
		{CE2DBD4E-AD96-4E5B-8723-4B244CC42752}.Debug|x64.ActiveCfg = Debug|Any CPU
		{CE2DBD4E-AD96-4E5B-8723-4B244CC42752}.Debug|x64.Build.0 = Debug|Any CPU
		{CE2DBD4E-AD96-4E5B-8723-4B244CC42752}.Debug|x86.ActiveCfg = Debug|Any CPU
		{CE2DBD4E-AD96-4E5B-8723-4B244CC42752}.Debug|x86.Build.0 = Debug|Any CPU
		{CE2DBD4E-AD96-4E5B-8723-4B244CC42752}.Release|Any CPU.ActiveCfg = Release|Any CPU
		{CE2DBD4E-AD96-4E5B-8723-4B244CC42752}.Release|Any CPU.Build.0 = Release|Any CPU
		{CE2DBD4E-AD96-4E5B-8723-4B244CC42752}.Release|x64.ActiveCfg = Release|Any CPU
		{CE2DBD4E-AD96-4E5B-8723-4B244CC42752}.Release|x64.Build.0 = Release|Any CPU
		{CE2DBD4E-AD96-4E5B-8723-4B244CC42752}.Release|x86.ActiveCfg = Release|Any CPU
		{CE2DBD4E-AD96-4E5B-8723-4B244CC42752}.Release|x86.Build.0 = Release|Any CPU
		{E3DC5591-5C04-45C0-B32F-0F258599F0A3}.Debug|Any CPU.ActiveCfg = Debug|Any CPU
		{E3DC5591-5C04-45C0-B32F-0F258599F0A3}.Debug|Any CPU.Build.0 = Debug|Any CPU
		{E3DC5591-5C04-45C0-B32F-0F258599F0A3}.Debug|x64.ActiveCfg = Debug|Any CPU
		{E3DC5591-5C04-45C0-B32F-0F258599F0A3}.Debug|x64.Build.0 = Debug|Any CPU
		{E3DC5591-5C04-45C0-B32F-0F258599F0A3}.Debug|x86.ActiveCfg = Debug|Any CPU
		{E3DC5591-5C04-45C0-B32F-0F258599F0A3}.Debug|x86.Build.0 = Debug|Any CPU
		{E3DC5591-5C04-45C0-B32F-0F258599F0A3}.Release|Any CPU.ActiveCfg = Release|Any CPU
		{E3DC5591-5C04-45C0-B32F-0F258599F0A3}.Release|Any CPU.Build.0 = Release|Any CPU
		{E3DC5591-5C04-45C0-B32F-0F258599F0A3}.Release|x64.ActiveCfg = Release|Any CPU
		{E3DC5591-5C04-45C0-B32F-0F258599F0A3}.Release|x64.Build.0 = Release|Any CPU
		{E3DC5591-5C04-45C0-B32F-0F258599F0A3}.Release|x86.ActiveCfg = Release|Any CPU
		{E3DC5591-5C04-45C0-B32F-0F258599F0A3}.Release|x86.Build.0 = Release|Any CPU
		{721B4039-D38B-46F6-BEF7-4525A68D72E9}.Debug|Any CPU.ActiveCfg = Debug|Any CPU
		{721B4039-D38B-46F6-BEF7-4525A68D72E9}.Debug|Any CPU.Build.0 = Debug|Any CPU
		{721B4039-D38B-46F6-BEF7-4525A68D72E9}.Debug|x64.ActiveCfg = Debug|Any CPU
		{721B4039-D38B-46F6-BEF7-4525A68D72E9}.Debug|x64.Build.0 = Debug|Any CPU
		{721B4039-D38B-46F6-BEF7-4525A68D72E9}.Debug|x86.ActiveCfg = Debug|Any CPU
		{721B4039-D38B-46F6-BEF7-4525A68D72E9}.Debug|x86.Build.0 = Debug|Any CPU
		{721B4039-D38B-46F6-BEF7-4525A68D72E9}.Release|Any CPU.ActiveCfg = Release|Any CPU
		{721B4039-D38B-46F6-BEF7-4525A68D72E9}.Release|Any CPU.Build.0 = Release|Any CPU
		{721B4039-D38B-46F6-BEF7-4525A68D72E9}.Release|x64.ActiveCfg = Release|Any CPU
		{721B4039-D38B-46F6-BEF7-4525A68D72E9}.Release|x64.Build.0 = Release|Any CPU
		{721B4039-D38B-46F6-BEF7-4525A68D72E9}.Release|x86.ActiveCfg = Release|Any CPU
		{721B4039-D38B-46F6-BEF7-4525A68D72E9}.Release|x86.Build.0 = Release|Any CPU
	EndGlobalSection
	GlobalSection(SolutionProperties) = preSolution
		HideSolutionNode = FALSE
	EndGlobalSection
	GlobalSection(NestedProjects) = preSolution
		{B4045ADD-9E89-489E-94F5-127B443AF441} = {827E0CD3-B72D-47B6-A68D-7590B98EB39B}
		{95B42657-A74E-4C5F-A79B-4424F41755EA} = {827E0CD3-B72D-47B6-A68D-7590B98EB39B}
		{CE2DBD4E-AD96-4E5B-8723-4B244CC42752} = {827E0CD3-B72D-47B6-A68D-7590B98EB39B}
		{E3DC5591-5C04-45C0-B32F-0F258599F0A3} = {5D20AA90-6969-D8BD-9DCD-8634F4692FDA}
		{721B4039-D38B-46F6-BEF7-4525A68D72E9} = {5D20AA90-6969-D8BD-9DCD-8634F4692FDA}
	EndGlobalSection
EndGlobal
